{
  "version": 4,
  "terraform_version": "1.1.7",
  "serial": 576,
  "lineage": "d55265c4-777e-a916-6877-99351bf6d839",
  "outputs": {},
  "resources": [
    {
      "mode": "data",
      "type": "aws_availability_zones",
      "name": "available",
      "provider": "provider[\"registry.terraform.io/hashicorp/aws\"]",
      "instances": [
        {
          "schema_version": 0,
          "attributes": {
            "all_availability_zones": null,
            "exclude_names": null,
            "exclude_zone_ids": null,
            "filter": null,
            "group_names": [
              "eu-central-1"
            ],
            "id": "eu-central-1",
            "names": [
              "eu-central-1a",
              "eu-central-1b",
              "eu-central-1c"
            ],
            "state": null,
            "zone_ids": [
              "euc1-az2",
              "euc1-az3",
              "euc1-az1"
            ]
          },
          "sensitive_attributes": []
        }
      ]
    },
    {
      "mode": "data",
      "type": "aws_iam_policy_document",
      "name": "ecs_task_execution_role",
      "provider": "provider[\"registry.terraform.io/hashicorp/aws\"]",
      "instances": [
        {
          "schema_version": 0,
          "attributes": {
            "id": "320642683",
            "json": "{\n  \"Version\": \"2012-10-17\",\n  \"Statement\": [\n    {\n      \"Sid\": \"\",\n      \"Effect\": \"Allow\",\n      \"Action\": \"sts:AssumeRole\",\n      \"Principal\": {\n        \"Service\": \"ecs-tasks.amazonaws.com\"\n      }\n    }\n  ]\n}",
            "override_json": null,
            "override_policy_documents": null,
            "policy_id": null,
            "source_json": null,
            "source_policy_documents": null,
            "statement": [
              {
                "actions": [
                  "sts:AssumeRole"
                ],
                "condition": [],
                "effect": "Allow",
                "not_actions": [],
                "not_principals": [],
                "not_resources": [],
                "principals": [
                  {
                    "identifiers": [
                      "ecs-tasks.amazonaws.com"
                    ],
                    "type": "Service"
                  }
                ],
                "resources": [],
                "sid": ""
              }
            ],
            "version": "2012-10-17"
          },
          "sensitive_attributes": []
        }
      ]
    },
    {
      "mode": "data",
      "type": "template_file",
      "name": "python-app",
      "provider": "provider[\"registry.terraform.io/hashicorp/template\"]",
      "instances": [
        {
          "schema_version": 0,
          "attributes": {
            "filename": null,
            "id": "81e0c11e0bba67bbf4b976d6c237379e31c30354f34b82b73c1172e829a85316",
            "rendered": "[\n  {\n    \"name\": \"python-app\",\n    \"image\": \"251865263936.dkr.ecr.eu-central-1.amazonaws.com/app-dev:latest\",\n    \"cpu\": 1024,\n    \"memory\": 2048,\n    \"networkMode\": \"awsvpc\",\n    \"environment\": [\n      {\n        \"name\": \"REDIS_HOST\",\n        \"value\": \"redis\" \n      },\n      {\n        \"name\": \"REDIS_PORT\",\n        \"value\": \"6379\"\n      }\n    ],\n    \"portMappings\": [\n      {\n        \"containerPort\": 80,\n        \"hostPort\": 80\n      }\n    ]\n  }\n]",
            "template": "[\n  {\n    \"name\": \"${app_name}\",\n    \"image\": \"${app_image}\",\n    \"cpu\": ${fargate_cpu},\n    \"memory\": ${fargate_memory},\n    \"networkMode\": \"awsvpc\",\n    \"environment\": [\n      {\n        \"name\": \"REDIS_HOST\",\n        \"value\": \"${REDIS_HOST}\" \n      },\n      {\n        \"name\": \"REDIS_PORT\",\n        \"value\": \"${REDIS_PORT}\"\n      }\n    ],\n    \"portMappings\": [\n      {\n        \"containerPort\": ${app_port},\n        \"hostPort\": ${app_port}\n      }\n    ]\n  }\n]",
            "vars": {
              "REDIS_HOST": "redis",
              "REDIS_PORT": "6379",
              "app_image": "251865263936.dkr.ecr.eu-central-1.amazonaws.com/app-dev:latest",
              "app_name": "python-app",
              "app_port": "80",
              "aws_region": "eu-central-1",
              "fargate_cpu": "1024",
              "fargate_memory": "2048"
            }
          },
          "sensitive_attributes": []
        }
      ]
    },
    {
      "mode": "data",
      "type": "template_file",
      "name": "redis-template",
      "provider": "provider[\"registry.terraform.io/hashicorp/template\"]",
      "instances": [
        {
          "schema_version": 0,
          "attributes": {
            "filename": null,
            "id": "0a2fe7f33974c3ca0f74809478c3cc9e5e9d933a34956e4a3fb15282e81ed398",
            "rendered": "[\n  {\n    \"name\": \"redis\",\n    \"image\": \"redis:alpine\",\n    \"cpu\": 1024,\n    \"memory\": 2048,\n    \"networkMode\": \"awsvpc\",\n    \"portMappings\": [\n      {\n        \"containerPort\": 6379,\n        \"hostPort\": 6379\n      }\n    ]\n  }\n]",
            "template": "[\n  {\n    \"name\": \"${app_name}\",\n    \"image\": \"${app_image}\",\n    \"cpu\": ${fargate_cpu},\n    \"memory\": ${fargate_memory},\n    \"networkMode\": \"awsvpc\",\n    \"portMappings\": [\n      {\n        \"containerPort\": ${app_port},\n        \"hostPort\": ${app_port}\n      }\n    ]\n  }\n]",
            "vars": {
              "app_image": "redis:alpine",
              "app_name": "redis",
              "app_port": "6379",
              "aws_region": "eu-central-1",
              "fargate_cpu": "1024",
              "fargate_memory": "2048"
            }
          },
          "sensitive_attributes": []
        }
      ]
    },
    {
      "mode": "managed",
      "type": "aws_alb",
      "name": "main",
      "provider": "provider[\"registry.terraform.io/hashicorp/aws\"]",
      "instances": [
        {
          "schema_version": 0,
          "attributes": {
            "access_logs": [
              {
                "bucket": "",
                "enabled": false,
                "prefix": ""
              }
            ],
            "arn": "arn:aws:elasticloadbalancing:eu-central-1:251865263936:loadbalancer/app/python-load-balancer/ec8a0e74cf97073c",
            "arn_suffix": "app/python-load-balancer/ec8a0e74cf97073c",
            "customer_owned_ipv4_pool": "",
            "desync_mitigation_mode": "defensive",
            "dns_name": "python-load-balancer-1787131300.eu-central-1.elb.amazonaws.com",
            "drop_invalid_header_fields": false,
            "enable_cross_zone_load_balancing": null,
            "enable_deletion_protection": false,
            "enable_http2": true,
            "enable_waf_fail_open": false,
            "id": "arn:aws:elasticloadbalancing:eu-central-1:251865263936:loadbalancer/app/python-load-balancer/ec8a0e74cf97073c",
            "idle_timeout": 60,
            "internal": false,
            "ip_address_type": "ipv4",
            "load_balancer_type": "application",
            "name": "python-load-balancer",
            "name_prefix": null,
            "security_groups": [
              "sg-07f4ebb4b1e446ff0"
            ],
            "subnet_mapping": [
              {
                "allocation_id": "",
                "ipv6_address": "",
                "outpost_id": "",
                "private_ipv4_address": "",
                "subnet_id": "subnet-02b4ab94fa0cffd6f"
              },
              {
                "allocation_id": "",
                "ipv6_address": "",
                "outpost_id": "",
                "private_ipv4_address": "",
                "subnet_id": "subnet-02cb7a439a0ae5c68"
              },
              {
                "allocation_id": "",
                "ipv6_address": "",
                "outpost_id": "",
                "private_ipv4_address": "",
                "subnet_id": "subnet-0bfef1beb3488d39a"
              }
            ],
            "subnets": [
              "subnet-02b4ab94fa0cffd6f",
              "subnet-02cb7a439a0ae5c68",
              "subnet-0bfef1beb3488d39a"
            ],
            "tags": null,
            "tags_all": {},
            "timeouts": null,
            "vpc_id": "vpc-057d4226d2717a05b",
            "zone_id": "Z215JYRZR1TBD5"
          },
          "sensitive_attributes": [],
          "private": "eyJlMmJmYjczMC1lY2FhLTExZTYtOGY4OC0zNDM2M2JjN2M0YzAiOnsiY3JlYXRlIjo2MDAwMDAwMDAwMDAsImRlbGV0ZSI6NjAwMDAwMDAwMDAwLCJ1cGRhdGUiOjYwMDAwMDAwMDAwMH19",
          "dependencies": [
            "aws_security_group.lb",
            "aws_subnet.public",
            "aws_vpc.main",
            "data.aws_availability_zones.available"
          ]
        }
      ]
    },
    {
      "mode": "managed",
      "type": "aws_alb_listener",
      "name": "front_end",
      "provider": "provider[\"registry.terraform.io/hashicorp/aws\"]",
      "instances": [
        {
          "schema_version": 0,
          "attributes": {
            "alpn_policy": null,
            "arn": "arn:aws:elasticloadbalancing:eu-central-1:251865263936:listener/app/python-load-balancer/ec8a0e74cf97073c/ef180c65944c0124",
            "certificate_arn": null,
            "default_action": [
              {
                "authenticate_cognito": [],
                "authenticate_oidc": [],
                "fixed_response": [],
                "forward": [],
                "order": 1,
                "redirect": [],
                "target_group_arn": "arn:aws:elasticloadbalancing:eu-central-1:251865263936:targetgroup/ecs-target-group/1cdff83d13918913",
                "type": "forward"
              }
            ],
            "id": "arn:aws:elasticloadbalancing:eu-central-1:251865263936:listener/app/python-load-balancer/ec8a0e74cf97073c/ef180c65944c0124",
            "load_balancer_arn": "arn:aws:elasticloadbalancing:eu-central-1:251865263936:loadbalancer/app/python-load-balancer/ec8a0e74cf97073c",
            "port": 80,
            "protocol": "HTTP",
            "ssl_policy": "",
            "tags": null,
            "tags_all": {},
            "timeouts": null
          },
          "sensitive_attributes": [],
          "private": "eyJlMmJmYjczMC1lY2FhLTExZTYtOGY4OC0zNDM2M2JjN2M0YzAiOnsicmVhZCI6NjAwMDAwMDAwMDAwfX0=",
          "dependencies": [
            "aws_alb.main",
            "aws_alb_target_group.app",
            "aws_security_group.lb",
            "aws_subnet.public",
            "aws_vpc.main",
            "data.aws_availability_zones.available"
          ]
        }
      ]
    },
    {
      "mode": "managed",
      "type": "aws_alb_target_group",
      "name": "app",
      "provider": "provider[\"registry.terraform.io/hashicorp/aws\"]",
      "instances": [
        {
          "schema_version": 0,
          "attributes": {
            "arn": "arn:aws:elasticloadbalancing:eu-central-1:251865263936:targetgroup/ecs-target-group/1cdff83d13918913",
            "arn_suffix": "targetgroup/ecs-target-group/1cdff83d13918913",
            "connection_termination": false,
            "deregistration_delay": "300",
            "health_check": [
              {
                "enabled": true,
                "healthy_threshold": 3,
                "interval": 30,
                "matcher": "200",
                "path": "/",
                "port": "traffic-port",
                "protocol": "HTTP",
                "timeout": 3,
                "unhealthy_threshold": 2
              }
            ],
            "id": "arn:aws:elasticloadbalancing:eu-central-1:251865263936:targetgroup/ecs-target-group/1cdff83d13918913",
            "lambda_multi_value_headers_enabled": false,
            "load_balancing_algorithm_type": "round_robin",
            "name": "ecs-target-group",
            "name_prefix": null,
            "port": 80,
            "preserve_client_ip": null,
            "protocol": "HTTP",
            "protocol_version": "HTTP1",
            "proxy_protocol_v2": false,
            "slow_start": 0,
            "stickiness": [
              {
                "cookie_duration": 86400,
                "cookie_name": "",
                "enabled": false,
                "type": "lb_cookie"
              }
            ],
            "tags": null,
            "tags_all": {},
            "target_type": "ip",
            "vpc_id": "vpc-057d4226d2717a05b"
          },
          "sensitive_attributes": [],
          "private": "bnVsbA==",
          "dependencies": [
            "aws_vpc.main"
          ]
        }
      ]
    },
    {
      "mode": "managed",
      "type": "aws_appautoscaling_target",
      "name": "target",
      "provider": "provider[\"registry.terraform.io/hashicorp/aws\"]",
      "instances": [
        {
          "schema_version": 0,
          "attributes": {
            "id": "service/app-cluster/app-service",
            "max_capacity": 3,
            "min_capacity": 2,
            "resource_id": "service/app-cluster/app-service",
            "role_arn": "arn:aws:iam::251865263936:role/aws-service-role/ecs.application-autoscaling.amazonaws.com/AWSServiceRoleForApplicationAutoScaling_ECSService",
            "scalable_dimension": "ecs:service:DesiredCount",
            "service_namespace": "ecs"
          },
          "sensitive_attributes": [],
          "private": "bnVsbA==",
          "dependencies": [
            "aws_alb.main",
            "aws_alb_listener.front_end",
            "aws_alb_target_group.app",
            "aws_cloudwatch_log_group.example",
            "aws_ecs_cluster.main",
            "aws_ecs_service.main-app",
            "aws_ecs_task_definition.app",
            "aws_iam_role.ecs_task_execution_role",
            "aws_iam_role_policy_attachment.ecs_task_execution_role",
            "aws_kms_key.example",
            "aws_security_group.ecs-app-sg",
            "aws_security_group.lb",
            "aws_service_discovery_private_dns_namespace.aws-service-discovery",
            "aws_service_discovery_service.app-service",
            "aws_subnet.private",
            "aws_subnet.public",
            "aws_vpc.main",
            "data.aws_availability_zones.available",
            "data.aws_iam_policy_document.ecs_task_execution_role",
            "data.template_file.python-app"
          ]
        }
      ]
    },
    {
      "mode": "managed",
      "type": "aws_cloudwatch_log_group",
      "name": "example",
      "provider": "provider[\"registry.terraform.io/hashicorp/aws\"]",
      "instances": [
        {
          "schema_version": 0,
          "attributes": {
            "arn": "arn:aws:logs:eu-central-1:251865263936:log-group:example",
            "id": "example",
            "kms_key_id": "",
            "name": "example",
            "name_prefix": null,
            "retention_in_days": 0,
            "tags": null,
            "tags_all": {}
          },
          "sensitive_attributes": [],
          "private": "bnVsbA=="
        }
      ]
    },
    {
      "mode": "managed",
      "type": "aws_ecs_cluster",
      "name": "main",
      "provider": "provider[\"registry.terraform.io/hashicorp/aws\"]",
      "instances": [
        {
          "schema_version": 0,
          "attributes": {
            "arn": "arn:aws:ecs:eu-central-1:251865263936:cluster/app-cluster",
            "capacity_providers": [],
            "configuration": [
              {
                "execute_command_configuration": [
                  {
                    "kms_key_id": "arn:aws:kms:eu-central-1:251865263936:key/72a1c935-a7c0-4c9a-a1a0-08e5e89f258a",
                    "log_configuration": [
                      {
                        "cloud_watch_encryption_enabled": true,
                        "cloud_watch_log_group_name": "example",
                        "s3_bucket_encryption_enabled": false,
                        "s3_bucket_name": "",
                        "s3_key_prefix": ""
                      }
                    ],
                    "logging": "OVERRIDE"
                  }
                ]
              }
            ],
            "default_capacity_provider_strategy": [],
            "id": "arn:aws:ecs:eu-central-1:251865263936:cluster/app-cluster",
            "name": "app-cluster",
            "setting": [
              {
                "name": "containerInsights",
                "value": "disabled"
              }
            ],
            "tags": null,
            "tags_all": {}
          },
          "sensitive_attributes": [],
          "private": "bnVsbA==",
          "dependencies": [
            "aws_cloudwatch_log_group.example",
            "aws_kms_key.example"
          ]
        }
      ]
    },
    {
      "mode": "managed",
      "type": "aws_ecs_service",
      "name": "main-app",
      "provider": "provider[\"registry.terraform.io/hashicorp/aws\"]",
      "instances": [
        {
          "schema_version": 0,
          "attributes": {
            "capacity_provider_strategy": [],
            "cluster": "arn:aws:ecs:eu-central-1:251865263936:cluster/app-cluster",
            "deployment_circuit_breaker": [
              {
                "enable": false,
                "rollback": false
              }
            ],
            "deployment_controller": [
              {
                "type": "ECS"
              }
            ],
            "deployment_maximum_percent": 200,
            "deployment_minimum_healthy_percent": 100,
            "desired_count": 2,
            "enable_ecs_managed_tags": false,
            "enable_execute_command": false,
            "force_new_deployment": null,
            "health_check_grace_period_seconds": 0,
            "iam_role": "aws-service-role",
            "id": "arn:aws:ecs:eu-central-1:251865263936:service/app-cluster/app-service",
            "launch_type": "FARGATE",
            "load_balancer": [
              {
                "container_name": "python-app",
                "container_port": 80,
                "elb_name": "",
                "target_group_arn": "arn:aws:elasticloadbalancing:eu-central-1:251865263936:targetgroup/ecs-target-group/1cdff83d13918913"
              }
            ],
            "name": "app-service",
            "network_configuration": [
              {
                "assign_public_ip": false,
                "security_groups": [
                  "sg-0f03f9635dc6aa498"
                ],
                "subnets": [
                  "subnet-08de0eeca586256a5",
                  "subnet-0c3b22eeccdb86051",
                  "subnet-0da3ffb34ad538050"
                ]
              }
            ],
            "ordered_placement_strategy": [],
            "placement_constraints": [],
            "platform_version": "LATEST",
            "propagate_tags": "NONE",
            "scheduling_strategy": "REPLICA",
            "service_registries": [
              {
                "container_name": "",
                "container_port": 0,
                "port": 0,
                "registry_arn": "arn:aws:servicediscovery:eu-central-1:251865263936:service/srv-73adeuuytj4dp5t7"
              }
            ],
            "tags": null,
            "tags_all": {},
            "task_definition": "arn:aws:ecs:eu-central-1:251865263936:task-definition/python-app-task:21",
            "timeouts": null,
            "wait_for_steady_state": false
          },
          "sensitive_attributes": [],
          "private": "eyJlMmJmYjczMC1lY2FhLTExZTYtOGY4OC0zNDM2M2JjN2M0YzAiOnsiZGVsZXRlIjoxMjAwMDAwMDAwMDAwfX0=",
          "dependencies": [
            "aws_alb.main",
            "aws_alb_listener.front_end",
            "aws_alb_target_group.app",
            "aws_cloudwatch_log_group.example",
            "aws_ecs_cluster.main",
            "aws_ecs_task_definition.app",
            "aws_iam_role.ecs_task_execution_role",
            "aws_iam_role_policy_attachment.ecs_task_execution_role",
            "aws_kms_key.example",
            "aws_security_group.ecs-app-sg",
            "aws_security_group.lb",
            "aws_service_discovery_private_dns_namespace.aws-service-discovery",
            "aws_service_discovery_service.app-service",
            "aws_subnet.private",
            "aws_subnet.public",
            "aws_vpc.main",
            "data.aws_availability_zones.available",
            "data.aws_iam_policy_document.ecs_task_execution_role",
            "data.template_file.python-app"
          ]
        }
      ]
    },
    {
      "mode": "managed",
      "type": "aws_ecs_service",
      "name": "main-redis",
      "provider": "provider[\"registry.terraform.io/hashicorp/aws\"]",
      "instances": [
        {
          "schema_version": 0,
          "attributes": {
            "capacity_provider_strategy": [],
            "cluster": "arn:aws:ecs:eu-central-1:251865263936:cluster/app-cluster",
            "deployment_circuit_breaker": [
              {
                "enable": false,
                "rollback": false
              }
            ],
            "deployment_controller": [
              {
                "type": "ECS"
              }
            ],
            "deployment_maximum_percent": 200,
            "deployment_minimum_healthy_percent": 100,
            "desired_count": 1,
            "enable_ecs_managed_tags": false,
            "enable_execute_command": false,
            "force_new_deployment": null,
            "health_check_grace_period_seconds": 0,
            "iam_role": "aws-service-role",
            "id": "arn:aws:ecs:eu-central-1:251865263936:service/app-cluster/redis-service",
            "launch_type": "FARGATE",
            "load_balancer": [],
            "name": "redis-service",
            "network_configuration": [
              {
                "assign_public_ip": false,
                "security_groups": [
                  "sg-0c48082f027127d83"
                ],
                "subnets": [
                  "subnet-08de0eeca586256a5",
                  "subnet-0c3b22eeccdb86051",
                  "subnet-0da3ffb34ad538050"
                ]
              }
            ],
            "ordered_placement_strategy": [],
            "placement_constraints": [],
            "platform_version": "LATEST",
            "propagate_tags": "NONE",
            "scheduling_strategy": "REPLICA",
            "service_registries": [
              {
                "container_name": "",
                "container_port": 0,
                "port": 0,
                "registry_arn": "arn:aws:servicediscovery:eu-central-1:251865263936:service/srv-wzzbo4wxzjyscv5y"
              }
            ],
            "tags": null,
            "tags_all": {},
            "task_definition": "arn:aws:ecs:eu-central-1:251865263936:task-definition/redis-task:17",
            "timeouts": null,
            "wait_for_steady_state": false
          },
          "sensitive_attributes": [],
          "private": "eyJlMmJmYjczMC1lY2FhLTExZTYtOGY4OC0zNDM2M2JjN2M0YzAiOnsiZGVsZXRlIjoxMjAwMDAwMDAwMDAwfX0=",
          "dependencies": [
            "aws_cloudwatch_log_group.example",
            "aws_ecs_cluster.main",
            "aws_ecs_task_definition.redis",
            "aws_iam_role.ecs_task_execution_role",
            "aws_kms_key.example",
            "aws_security_group.ecs-app-sg",
            "aws_security_group.ecs-redis-sg",
            "aws_service_discovery_private_dns_namespace.aws-service-discovery",
            "aws_service_discovery_service.redis-service",
            "aws_subnet.private",
            "aws_vpc.main",
            "data.aws_availability_zones.available",
            "data.aws_iam_policy_document.ecs_task_execution_role",
            "data.template_file.redis-template"
          ]
        }
      ]
    },
    {
      "mode": "managed",
      "type": "aws_ecs_task_definition",
      "name": "app",
      "provider": "provider[\"registry.terraform.io/hashicorp/aws\"]",
      "instances": [
        {
          "schema_version": 1,
          "attributes": {
            "arn": "arn:aws:ecs:eu-central-1:251865263936:task-definition/python-app-task:21",
            "container_definitions": "[{\"cpu\":1024,\"environment\":[{\"name\":\"REDIS_HOST\",\"value\":\"redis\"},{\"name\":\"REDIS_PORT\",\"value\":\"6379\"}],\"essential\":true,\"image\":\"251865263936.dkr.ecr.eu-central-1.amazonaws.com/app-dev:latest\",\"memory\":2048,\"mountPoints\":[],\"name\":\"python-app\",\"portMappings\":[{\"containerPort\":80,\"hostPort\":80,\"protocol\":\"tcp\"}],\"volumesFrom\":[]}]",
            "cpu": "1024",
            "ephemeral_storage": [],
            "execution_role_arn": "arn:aws:iam::251865263936:role/myEcsTaskExecutionRole",
            "family": "python-app-task",
            "id": "python-app-task",
            "inference_accelerator": [],
            "ipc_mode": "",
            "memory": "2048",
            "network_mode": "awsvpc",
            "pid_mode": "",
            "placement_constraints": [],
            "proxy_configuration": [],
            "requires_compatibilities": [
              "FARGATE"
            ],
            "revision": 21,
            "runtime_platform": [],
            "skip_destroy": false,
            "tags": null,
            "tags_all": {},
            "task_role_arn": "arn:aws:iam::251865263936:role/myEcsTaskExecutionRole",
            "volume": []
          },
          "sensitive_attributes": [],
          "private": "eyJzY2hlbWFfdmVyc2lvbiI6IjEifQ==",
          "dependencies": [
            "aws_iam_role.ecs_task_execution_role",
            "data.aws_iam_policy_document.ecs_task_execution_role",
            "data.template_file.python-app"
          ]
        }
      ]
    },
    {
      "mode": "managed",
      "type": "aws_ecs_task_definition",
      "name": "redis",
      "provider": "provider[\"registry.terraform.io/hashicorp/aws\"]",
      "instances": [
        {
          "schema_version": 1,
          "attributes": {
            "arn": "arn:aws:ecs:eu-central-1:251865263936:task-definition/redis-task:17",
            "container_definitions": "[{\"cpu\":1024,\"environment\":[],\"essential\":true,\"image\":\"redis:alpine\",\"memory\":2048,\"mountPoints\":[],\"name\":\"redis\",\"portMappings\":[{\"containerPort\":6379,\"hostPort\":6379,\"protocol\":\"tcp\"}],\"volumesFrom\":[]}]",
            "cpu": "1024",
            "ephemeral_storage": [],
            "execution_role_arn": "arn:aws:iam::251865263936:role/myEcsTaskExecutionRole",
            "family": "redis-task",
            "id": "redis-task",
            "inference_accelerator": [],
            "ipc_mode": "",
            "memory": "2048",
            "network_mode": "awsvpc",
            "pid_mode": "",
            "placement_constraints": [],
            "proxy_configuration": [],
            "requires_compatibilities": [
              "FARGATE"
            ],
            "revision": 17,
            "runtime_platform": [],
            "skip_destroy": false,
            "tags": null,
            "tags_all": {},
            "task_role_arn": "arn:aws:iam::251865263936:role/myEcsTaskExecutionRole",
            "volume": []
          },
          "sensitive_attributes": [],
          "private": "eyJzY2hlbWFfdmVyc2lvbiI6IjEifQ==",
          "dependencies": [
            "aws_iam_role.ecs_task_execution_role",
            "data.aws_iam_policy_document.ecs_task_execution_role",
            "data.template_file.redis-template"
          ]
        }
      ]
    },
    {
      "mode": "managed",
      "type": "aws_eip",
      "name": "gw",
      "provider": "provider[\"registry.terraform.io/hashicorp/aws\"]",
      "instances": [
        {
          "index_key": 0,
          "schema_version": 0,
          "attributes": {
            "address": null,
            "allocation_id": "eipalloc-0578c585dac206cd0",
            "associate_with_private_ip": null,
            "association_id": "",
            "carrier_ip": "",
            "customer_owned_ip": "",
            "customer_owned_ipv4_pool": "",
            "domain": "vpc",
            "id": "eipalloc-0578c585dac206cd0",
            "instance": "",
            "network_border_group": "eu-central-1",
            "network_interface": "",
            "private_dns": null,
            "private_ip": "",
            "public_dns": "ec2-3-122-203-22.eu-central-1.compute.amazonaws.com",
            "public_ip": "3.122.203.22",
            "public_ipv4_pool": "amazon",
            "tags": null,
            "tags_all": {},
            "timeouts": null,
            "vpc": true
          },
          "sensitive_attributes": [],
          "private": "eyJlMmJmYjczMC1lY2FhLTExZTYtOGY4OC0zNDM2M2JjN2M0YzAiOnsiZGVsZXRlIjoxODAwMDAwMDAwMDAsInJlYWQiOjkwMDAwMDAwMDAwMCwidXBkYXRlIjozMDAwMDAwMDAwMDB9fQ==",
          "dependencies": [
            "aws_internet_gateway.gw",
            "aws_vpc.main"
          ]
        },
        {
          "index_key": 1,
          "schema_version": 0,
          "attributes": {
            "address": null,
            "allocation_id": "eipalloc-0e24ad36b391c51dd",
            "associate_with_private_ip": null,
            "association_id": "",
            "carrier_ip": "",
            "customer_owned_ip": "",
            "customer_owned_ipv4_pool": "",
            "domain": "vpc",
            "id": "eipalloc-0e24ad36b391c51dd",
            "instance": "",
            "network_border_group": "eu-central-1",
            "network_interface": "",
            "private_dns": null,
            "private_ip": "",
            "public_dns": "ec2-3-125-100-16.eu-central-1.compute.amazonaws.com",
            "public_ip": "3.125.100.16",
            "public_ipv4_pool": "amazon",
            "tags": null,
            "tags_all": {},
            "timeouts": null,
            "vpc": true
          },
          "sensitive_attributes": [],
          "private": "eyJlMmJmYjczMC1lY2FhLTExZTYtOGY4OC0zNDM2M2JjN2M0YzAiOnsiZGVsZXRlIjoxODAwMDAwMDAwMDAsInJlYWQiOjkwMDAwMDAwMDAwMCwidXBkYXRlIjozMDAwMDAwMDAwMDB9fQ==",
          "dependencies": [
            "aws_internet_gateway.gw",
            "aws_vpc.main"
          ]
        },
        {
          "index_key": 2,
          "schema_version": 0,
          "attributes": {
            "address": null,
            "allocation_id": "eipalloc-0f8102ea2cbef51a2",
            "associate_with_private_ip": null,
            "association_id": "",
            "carrier_ip": "",
            "customer_owned_ip": "",
            "customer_owned_ipv4_pool": "",
            "domain": "vpc",
            "id": "eipalloc-0f8102ea2cbef51a2",
            "instance": "",
            "network_border_group": "eu-central-1",
            "network_interface": "",
            "private_dns": null,
            "private_ip": "",
            "public_dns": "ec2-18-157-69-248.eu-central-1.compute.amazonaws.com",
            "public_ip": "18.157.69.248",
            "public_ipv4_pool": "amazon",
            "tags": null,
            "tags_all": {},
            "timeouts": null,
            "vpc": true
          },
          "sensitive_attributes": [],
          "private": "eyJlMmJmYjczMC1lY2FhLTExZTYtOGY4OC0zNDM2M2JjN2M0YzAiOnsiZGVsZXRlIjoxODAwMDAwMDAwMDAsInJlYWQiOjkwMDAwMDAwMDAwMCwidXBkYXRlIjozMDAwMDAwMDAwMDB9fQ==",
          "dependencies": [
            "aws_internet_gateway.gw",
            "aws_vpc.main"
          ]
        }
      ]
    },
    {
      "mode": "managed",
      "type": "aws_iam_role",
      "name": "ecs_task_execution_role",
      "provider": "provider[\"registry.terraform.io/hashicorp/aws\"]",
      "instances": [
        {
          "schema_version": 0,
          "attributes": {
            "arn": "arn:aws:iam::251865263936:role/myEcsTaskExecutionRole",
            "assume_role_policy": "{\"Version\":\"2012-10-17\",\"Statement\":[{\"Sid\":\"\",\"Effect\":\"Allow\",\"Principal\":{\"Service\":\"ecs-tasks.amazonaws.com\"},\"Action\":\"sts:AssumeRole\"}]}",
            "create_date": "2022-04-12T13:10:44Z",
            "description": "",
            "force_detach_policies": false,
            "id": "myEcsTaskExecutionRole",
            "inline_policy": [
              {
                "name": "",
                "policy": ""
              }
            ],
            "managed_policy_arns": [],
            "max_session_duration": 3600,
            "name": "myEcsTaskExecutionRole",
            "name_prefix": "",
            "path": "/",
            "permissions_boundary": null,
            "tags": null,
            "tags_all": {},
            "unique_id": "AROATVJCW55AFKRWGVJK5"
          },
          "sensitive_attributes": [],
          "private": "bnVsbA==",
          "dependencies": [
            "data.aws_iam_policy_document.ecs_task_execution_role"
          ]
        }
      ]
    },
    {
      "mode": "managed",
      "type": "aws_iam_role_policy_attachment",
      "name": "ecs_task_execution_role",
      "provider": "provider[\"registry.terraform.io/hashicorp/aws\"]",
      "instances": [
        {
          "schema_version": 0,
          "attributes": {
            "id": "myEcsTaskExecutionRole-20220412131050066800000001",
            "policy_arn": "arn:aws:iam::aws:policy/service-role/AmazonECSTaskExecutionRolePolicy",
            "role": "myEcsTaskExecutionRole"
          },
          "sensitive_attributes": [],
          "private": "bnVsbA==",
          "dependencies": [
            "aws_iam_role.ecs_task_execution_role",
            "data.aws_iam_policy_document.ecs_task_execution_role"
          ]
        }
      ]
    },
    {
      "mode": "managed",
      "type": "aws_internet_gateway",
      "name": "gw",
      "provider": "provider[\"registry.terraform.io/hashicorp/aws\"]",
      "instances": [
        {
          "schema_version": 0,
          "attributes": {
            "arn": "arn:aws:ec2:eu-central-1:251865263936:internet-gateway/igw-0a4de74a429b5d4e5",
            "id": "igw-0a4de74a429b5d4e5",
            "owner_id": "251865263936",
            "tags": null,
            "tags_all": {},
            "vpc_id": "vpc-057d4226d2717a05b"
          },
          "sensitive_attributes": [],
          "private": "bnVsbA==",
          "dependencies": [
            "aws_vpc.main"
          ]
        }
      ]
    },
    {
      "mode": "managed",
      "type": "aws_kms_key",
      "name": "example",
      "provider": "provider[\"registry.terraform.io/hashicorp/aws\"]",
      "instances": [
        {
          "schema_version": 0,
          "attributes": {
            "arn": "arn:aws:kms:eu-central-1:251865263936:key/72a1c935-a7c0-4c9a-a1a0-08e5e89f258a",
            "bypass_policy_lockout_safety_check": false,
            "customer_master_key_spec": "SYMMETRIC_DEFAULT",
            "deletion_window_in_days": 7,
            "description": "example",
            "enable_key_rotation": false,
            "id": "72a1c935-a7c0-4c9a-a1a0-08e5e89f258a",
            "is_enabled": true,
            "key_id": "72a1c935-a7c0-4c9a-a1a0-08e5e89f258a",
            "key_usage": "ENCRYPT_DECRYPT",
            "multi_region": false,
            "policy": "{\"Id\":\"key-default-1\",\"Statement\":[{\"Action\":\"kms:*\",\"Effect\":\"Allow\",\"Principal\":{\"AWS\":\"arn:aws:iam::251865263936:root\"},\"Resource\":\"*\",\"Sid\":\"Enable IAM User Permissions\"}],\"Version\":\"2012-10-17\"}",
            "tags": null,
            "tags_all": {}
          },
          "sensitive_attributes": [],
          "private": "bnVsbA=="
        }
      ]
    },
    {
      "mode": "managed",
      "type": "aws_nat_gateway",
      "name": "gw",
      "provider": "provider[\"registry.terraform.io/hashicorp/aws\"]",
      "instances": [
        {
          "index_key": 0,
          "schema_version": 0,
          "attributes": {
            "allocation_id": "eipalloc-0578c585dac206cd0",
            "connectivity_type": "public",
            "id": "nat-07068438fee9d8303",
            "network_interface_id": "eni-0e49aee6b91e29aed",
            "private_ip": "172.17.3.175",
            "public_ip": "3.122.203.22",
            "subnet_id": "subnet-0bfef1beb3488d39a",
            "tags": null,
            "tags_all": {}
          },
          "sensitive_attributes": [],
          "private": "bnVsbA==",
          "dependencies": [
            "aws_eip.gw",
            "aws_internet_gateway.gw",
            "aws_subnet.public",
            "aws_vpc.main",
            "data.aws_availability_zones.available"
          ]
        },
        {
          "index_key": 1,
          "schema_version": 0,
          "attributes": {
            "allocation_id": "eipalloc-0e24ad36b391c51dd",
            "connectivity_type": "public",
            "id": "nat-05117290ca1211865",
            "network_interface_id": "eni-0d0b9f96cc071702b",
            "private_ip": "172.17.4.142",
            "public_ip": "3.125.100.16",
            "subnet_id": "subnet-02b4ab94fa0cffd6f",
            "tags": null,
            "tags_all": {}
          },
          "sensitive_attributes": [],
          "private": "bnVsbA==",
          "dependencies": [
            "aws_eip.gw",
            "aws_internet_gateway.gw",
            "aws_subnet.public",
            "aws_vpc.main",
            "data.aws_availability_zones.available"
          ]
        },
        {
          "index_key": 2,
          "schema_version": 0,
          "attributes": {
            "allocation_id": "eipalloc-0f8102ea2cbef51a2",
            "connectivity_type": "public",
            "id": "nat-0ad4c2438a22b8354",
            "network_interface_id": "eni-0e06ba040918586d9",
            "private_ip": "172.17.5.240",
            "public_ip": "18.157.69.248",
            "subnet_id": "subnet-02cb7a439a0ae5c68",
            "tags": null,
            "tags_all": {}
          },
          "sensitive_attributes": [],
          "private": "bnVsbA==",
          "dependencies": [
            "aws_eip.gw",
            "aws_internet_gateway.gw",
            "aws_subnet.public",
            "aws_vpc.main",
            "data.aws_availability_zones.available"
          ]
        }
      ]
    },
    {
      "mode": "managed",
      "type": "aws_route",
      "name": "internet_access",
      "provider": "provider[\"registry.terraform.io/hashicorp/aws\"]",
      "instances": [
        {
          "schema_version": 0,
          "attributes": {
            "carrier_gateway_id": "",
            "destination_cidr_block": "0.0.0.0/0",
            "destination_ipv6_cidr_block": "",
            "destination_prefix_list_id": "",
            "egress_only_gateway_id": "",
            "gateway_id": "igw-0a4de74a429b5d4e5",
            "id": "r-rtb-0ba0c42909b50f7731080289494",
            "instance_id": "",
            "instance_owner_id": "",
            "local_gateway_id": "",
            "nat_gateway_id": "",
            "network_interface_id": "",
            "origin": "CreateRoute",
            "route_table_id": "rtb-0ba0c42909b50f773",
            "state": "active",
            "timeouts": null,
            "transit_gateway_id": "",
            "vpc_endpoint_id": "",
            "vpc_peering_connection_id": ""
          },
          "sensitive_attributes": [],
          "private": "eyJlMmJmYjczMC1lY2FhLTExZTYtOGY4OC0zNDM2M2JjN2M0YzAiOnsiY3JlYXRlIjozMDAwMDAwMDAwMDAsImRlbGV0ZSI6MzAwMDAwMDAwMDAwLCJ1cGRhdGUiOjEyMDAwMDAwMDAwMH19",
          "dependencies": [
            "aws_internet_gateway.gw",
            "aws_vpc.main"
          ]
        }
      ]
    },
    {
      "mode": "managed",
      "type": "aws_route_table",
      "name": "private",
      "provider": "provider[\"registry.terraform.io/hashicorp/aws\"]",
      "instances": [
        {
          "index_key": 0,
          "schema_version": 0,
          "attributes": {
            "arn": "arn:aws:ec2:eu-central-1:251865263936:route-table/rtb-02197802d07fa47c0",
            "id": "rtb-02197802d07fa47c0",
            "owner_id": "251865263936",
            "propagating_vgws": [],
            "route": [
              {
                "carrier_gateway_id": "",
                "cidr_block": "0.0.0.0/0",
                "destination_prefix_list_id": "",
                "egress_only_gateway_id": "",
                "gateway_id": "",
                "instance_id": "",
                "ipv6_cidr_block": "",
                "local_gateway_id": "",
                "nat_gateway_id": "nat-07068438fee9d8303",
                "network_interface_id": "",
                "transit_gateway_id": "",
                "vpc_endpoint_id": "",
                "vpc_peering_connection_id": ""
              }
            ],
            "tags": null,
            "tags_all": {},
            "timeouts": null,
            "vpc_id": "vpc-057d4226d2717a05b"
          },
          "sensitive_attributes": [],
          "private": "eyJlMmJmYjczMC1lY2FhLTExZTYtOGY4OC0zNDM2M2JjN2M0YzAiOnsiY3JlYXRlIjozMDAwMDAwMDAwMDAsImRlbGV0ZSI6MzAwMDAwMDAwMDAwLCJ1cGRhdGUiOjEyMDAwMDAwMDAwMH19",
          "dependencies": [
            "aws_eip.gw",
            "aws_internet_gateway.gw",
            "aws_nat_gateway.gw",
            "aws_subnet.public",
            "aws_vpc.main",
            "data.aws_availability_zones.available"
          ]
        },
        {
          "index_key": 1,
          "schema_version": 0,
          "attributes": {
            "arn": "arn:aws:ec2:eu-central-1:251865263936:route-table/rtb-040bd88bc2ea9e13e",
            "id": "rtb-040bd88bc2ea9e13e",
            "owner_id": "251865263936",
            "propagating_vgws": [],
            "route": [
              {
                "carrier_gateway_id": "",
                "cidr_block": "0.0.0.0/0",
                "destination_prefix_list_id": "",
                "egress_only_gateway_id": "",
                "gateway_id": "",
                "instance_id": "",
                "ipv6_cidr_block": "",
                "local_gateway_id": "",
                "nat_gateway_id": "nat-05117290ca1211865",
                "network_interface_id": "",
                "transit_gateway_id": "",
                "vpc_endpoint_id": "",
                "vpc_peering_connection_id": ""
              }
            ],
            "tags": null,
            "tags_all": {},
            "timeouts": null,
            "vpc_id": "vpc-057d4226d2717a05b"
          },
          "sensitive_attributes": [],
          "private": "eyJlMmJmYjczMC1lY2FhLTExZTYtOGY4OC0zNDM2M2JjN2M0YzAiOnsiY3JlYXRlIjozMDAwMDAwMDAwMDAsImRlbGV0ZSI6MzAwMDAwMDAwMDAwLCJ1cGRhdGUiOjEyMDAwMDAwMDAwMH19",
          "dependencies": [
            "aws_eip.gw",
            "aws_internet_gateway.gw",
            "aws_nat_gateway.gw",
            "aws_subnet.public",
            "aws_vpc.main",
            "data.aws_availability_zones.available"
          ]
        },
        {
          "index_key": 2,
          "schema_version": 0,
          "attributes": {
            "arn": "arn:aws:ec2:eu-central-1:251865263936:route-table/rtb-0ff4f690594936b8d",
            "id": "rtb-0ff4f690594936b8d",
            "owner_id": "251865263936",
            "propagating_vgws": [],
            "route": [
              {
                "carrier_gateway_id": "",
                "cidr_block": "0.0.0.0/0",
                "destination_prefix_list_id": "",
                "egress_only_gateway_id": "",
                "gateway_id": "",
                "instance_id": "",
                "ipv6_cidr_block": "",
                "local_gateway_id": "",
                "nat_gateway_id": "nat-0ad4c2438a22b8354",
                "network_interface_id": "",
                "transit_gateway_id": "",
                "vpc_endpoint_id": "",
                "vpc_peering_connection_id": ""
              }
            ],
            "tags": null,
            "tags_all": {},
            "timeouts": null,
            "vpc_id": "vpc-057d4226d2717a05b"
          },
          "sensitive_attributes": [],
          "private": "eyJlMmJmYjczMC1lY2FhLTExZTYtOGY4OC0zNDM2M2JjN2M0YzAiOnsiY3JlYXRlIjozMDAwMDAwMDAwMDAsImRlbGV0ZSI6MzAwMDAwMDAwMDAwLCJ1cGRhdGUiOjEyMDAwMDAwMDAwMH19",
          "dependencies": [
            "aws_eip.gw",
            "aws_internet_gateway.gw",
            "aws_nat_gateway.gw",
            "aws_subnet.public",
            "aws_vpc.main",
            "data.aws_availability_zones.available"
          ]
        }
      ]
    },
    {
      "mode": "managed",
      "type": "aws_route_table_association",
      "name": "private",
      "provider": "provider[\"registry.terraform.io/hashicorp/aws\"]",
      "instances": [
        {
          "index_key": 0,
          "schema_version": 0,
          "attributes": {
            "gateway_id": "",
            "id": "rtbassoc-08a40a4463fb50ceb",
            "route_table_id": "rtb-02197802d07fa47c0",
            "subnet_id": "subnet-0da3ffb34ad538050"
          },
          "sensitive_attributes": [],
          "private": "bnVsbA==",
          "dependencies": [
            "aws_eip.gw",
            "aws_internet_gateway.gw",
            "aws_nat_gateway.gw",
            "aws_route_table.private",
            "aws_subnet.private",
            "aws_subnet.public",
            "aws_vpc.main",
            "data.aws_availability_zones.available"
          ]
        },
        {
          "index_key": 1,
          "schema_version": 0,
          "attributes": {
            "gateway_id": "",
            "id": "rtbassoc-053a0c7075bb88aaa",
            "route_table_id": "rtb-040bd88bc2ea9e13e",
            "subnet_id": "subnet-0c3b22eeccdb86051"
          },
          "sensitive_attributes": [],
          "private": "bnVsbA==",
          "dependencies": [
            "aws_eip.gw",
            "aws_internet_gateway.gw",
            "aws_nat_gateway.gw",
            "aws_route_table.private",
            "aws_subnet.private",
            "aws_subnet.public",
            "aws_vpc.main",
            "data.aws_availability_zones.available"
          ]
        },
        {
          "index_key": 2,
          "schema_version": 0,
          "attributes": {
            "gateway_id": "",
            "id": "rtbassoc-07a58cf38c0930e0f",
            "route_table_id": "rtb-0ff4f690594936b8d",
            "subnet_id": "subnet-08de0eeca586256a5"
          },
          "sensitive_attributes": [],
          "private": "bnVsbA==",
          "dependencies": [
            "aws_eip.gw",
            "aws_internet_gateway.gw",
            "aws_nat_gateway.gw",
            "aws_route_table.private",
            "aws_subnet.private",
            "aws_subnet.public",
            "aws_vpc.main",
            "data.aws_availability_zones.available"
          ]
        }
      ]
    },
    {
      "mode": "managed",
      "type": "aws_security_group",
      "name": "ecs-app-sg",
      "provider": "provider[\"registry.terraform.io/hashicorp/aws\"]",
      "instances": [
        {
          "schema_version": 1,
          "attributes": {
            "arn": "arn:aws:ec2:eu-central-1:251865263936:security-group/sg-0f03f9635dc6aa498",
            "description": "allow inbound access from the alb and redis",
            "egress": [
              {
                "cidr_blocks": [
                  "0.0.0.0/0"
                ],
                "description": "",
                "from_port": 0,
                "ipv6_cidr_blocks": [],
                "prefix_list_ids": [],
                "protocol": "-1",
                "security_groups": [],
                "self": false,
                "to_port": 0
              }
            ],
            "id": "sg-0f03f9635dc6aa498",
            "ingress": [
              {
                "cidr_blocks": [
                  "0.0.0.0/0"
                ],
                "description": "",
                "from_port": 6379,
                "ipv6_cidr_blocks": [],
                "prefix_list_ids": [],
                "protocol": "tcp",
                "security_groups": [],
                "self": false,
                "to_port": 6379
              },
              {
                "cidr_blocks": [
                  "0.0.0.0/0"
                ],
                "description": "",
                "from_port": 80,
                "ipv6_cidr_blocks": [],
                "prefix_list_ids": [],
                "protocol": "tcp",
                "security_groups": [],
                "self": false,
                "to_port": 80
              }
            ],
            "name": "ecs-app-sg",
            "name_prefix": "",
            "owner_id": "251865263936",
            "revoke_rules_on_delete": false,
            "tags": null,
            "tags_all": {},
            "timeouts": null,
            "vpc_id": "vpc-057d4226d2717a05b"
          },
          "sensitive_attributes": [],
          "private": "eyJlMmJmYjczMC1lY2FhLTExZTYtOGY4OC0zNDM2M2JjN2M0YzAiOnsiY3JlYXRlIjo2MDAwMDAwMDAwMDAsImRlbGV0ZSI6OTAwMDAwMDAwMDAwfSwic2NoZW1hX3ZlcnNpb24iOiIxIn0=",
          "dependencies": [
            "aws_vpc.main"
          ]
        }
      ]
    },
    {
      "mode": "managed",
      "type": "aws_security_group",
      "name": "ecs-redis-sg",
      "provider": "provider[\"registry.terraform.io/hashicorp/aws\"]",
      "instances": [
        {
          "schema_version": 1,
          "attributes": {
            "arn": "arn:aws:ec2:eu-central-1:251865263936:security-group/sg-0c48082f027127d83",
            "description": "allow inbound access from the ecs app tasks",
            "egress": [
              {
                "cidr_blocks": [
                  "0.0.0.0/0"
                ],
                "description": "",
                "from_port": 0,
                "ipv6_cidr_blocks": [],
                "prefix_list_ids": [],
                "protocol": "-1",
                "security_groups": [],
                "self": false,
                "to_port": 0
              }
            ],
            "id": "sg-0c48082f027127d83",
            "ingress": [
              {
                "cidr_blocks": [],
                "description": "",
                "from_port": 6379,
                "ipv6_cidr_blocks": [],
                "prefix_list_ids": [],
                "protocol": "tcp",
                "security_groups": [
                  "sg-0f03f9635dc6aa498"
                ],
                "self": false,
                "to_port": 6379
              }
            ],
            "name": "ecs-redis-sg",
            "name_prefix": "",
            "owner_id": "251865263936",
            "revoke_rules_on_delete": false,
            "tags": null,
            "tags_all": {},
            "timeouts": null,
            "vpc_id": "vpc-057d4226d2717a05b"
          },
          "sensitive_attributes": [],
          "private": "eyJlMmJmYjczMC1lY2FhLTExZTYtOGY4OC0zNDM2M2JjN2M0YzAiOnsiY3JlYXRlIjo2MDAwMDAwMDAwMDAsImRlbGV0ZSI6OTAwMDAwMDAwMDAwfSwic2NoZW1hX3ZlcnNpb24iOiIxIn0=",
          "dependencies": [
            "aws_security_group.ecs-app-sg",
            "aws_vpc.main"
          ]
        }
      ]
    },
    {
      "mode": "managed",
      "type": "aws_security_group",
      "name": "lb",
      "provider": "provider[\"registry.terraform.io/hashicorp/aws\"]",
      "instances": [
        {
          "schema_version": 1,
          "attributes": {
            "arn": "arn:aws:ec2:eu-central-1:251865263936:security-group/sg-07f4ebb4b1e446ff0",
            "description": "controls access to the ALB",
            "egress": [
              {
                "cidr_blocks": [
                  "0.0.0.0/0"
                ],
                "description": "",
                "from_port": 0,
                "ipv6_cidr_blocks": [],
                "prefix_list_ids": [],
                "protocol": "-1",
                "security_groups": [],
                "self": false,
                "to_port": 0
              }
            ],
            "id": "sg-07f4ebb4b1e446ff0",
            "ingress": [
              {
                "cidr_blocks": [
                  "0.0.0.0/0"
                ],
                "description": "",
                "from_port": 80,
                "ipv6_cidr_blocks": [],
                "prefix_list_ids": [],
                "protocol": "tcp",
                "security_groups": [],
                "self": false,
                "to_port": 80
              }
            ],
            "name": "load-balancer-security-group",
            "name_prefix": "",
            "owner_id": "251865263936",
            "revoke_rules_on_delete": false,
            "tags": null,
            "tags_all": {},
            "timeouts": null,
            "vpc_id": "vpc-057d4226d2717a05b"
          },
          "sensitive_attributes": [],
          "private": "eyJlMmJmYjczMC1lY2FhLTExZTYtOGY4OC0zNDM2M2JjN2M0YzAiOnsiY3JlYXRlIjo2MDAwMDAwMDAwMDAsImRlbGV0ZSI6OTAwMDAwMDAwMDAwfSwic2NoZW1hX3ZlcnNpb24iOiIxIn0=",
          "dependencies": [
            "aws_vpc.main"
          ]
        }
      ]
    },
    {
      "mode": "managed",
      "type": "aws_service_discovery_private_dns_namespace",
      "name": "aws-service-discovery",
      "provider": "provider[\"registry.terraform.io/hashicorp/aws\"]",
      "instances": [
        {
          "schema_version": 0,
          "attributes": {
            "arn": "arn:aws:servicediscovery:eu-central-1:251865263936:namespace/ns-trwbe2ocxytxhghj",
            "description": "",
            "hosted_zone": "Z01365521UX3QXJY95PGC",
            "id": "ns-trwbe2ocxytxhghj",
            "name": "local",
            "tags": null,
            "tags_all": {},
            "vpc": "vpc-057d4226d2717a05b"
          },
          "sensitive_attributes": [],
          "private": "bnVsbA==",
          "dependencies": [
            "aws_vpc.main"
          ]
        }
      ]
    },
    {
      "mode": "managed",
      "type": "aws_service_discovery_service",
      "name": "app-service",
      "provider": "provider[\"registry.terraform.io/hashicorp/aws\"]",
      "instances": [
        {
          "schema_version": 0,
          "attributes": {
            "arn": "arn:aws:servicediscovery:eu-central-1:251865263936:service/srv-73adeuuytj4dp5t7",
            "description": "",
            "dns_config": [
              {
                "dns_records": [
                  {
                    "ttl": 10,
                    "type": "A"
                  }
                ],
                "namespace_id": "ns-trwbe2ocxytxhghj",
                "routing_policy": "MULTIVALUE"
              }
            ],
            "force_destroy": false,
            "health_check_config": [],
            "health_check_custom_config": [],
            "id": "srv-73adeuuytj4dp5t7",
            "name": "app-service",
            "namespace_id": "ns-trwbe2ocxytxhghj",
            "tags": null,
            "tags_all": {}
          },
          "sensitive_attributes": [],
          "private": "bnVsbA==",
          "dependencies": [
            "aws_service_discovery_private_dns_namespace.aws-service-discovery",
            "aws_vpc.main"
          ]
        }
      ]
    },
    {
      "mode": "managed",
      "type": "aws_service_discovery_service",
      "name": "redis-service",
      "provider": "provider[\"registry.terraform.io/hashicorp/aws\"]",
      "instances": [
        {
          "schema_version": 0,
          "attributes": {
            "arn": "arn:aws:servicediscovery:eu-central-1:251865263936:service/srv-wzzbo4wxzjyscv5y",
            "description": "",
            "dns_config": [
              {
                "dns_records": [
                  {
                    "ttl": 10,
                    "type": "A"
                  }
                ],
                "namespace_id": "ns-trwbe2ocxytxhghj",
                "routing_policy": "MULTIVALUE"
              }
            ],
            "force_destroy": false,
            "health_check_config": [],
            "health_check_custom_config": [],
            "id": "srv-wzzbo4wxzjyscv5y",
            "name": "redis-service",
            "namespace_id": "ns-trwbe2ocxytxhghj",
            "tags": null,
            "tags_all": {}
          },
          "sensitive_attributes": [],
          "private": "bnVsbA==",
          "dependencies": [
            "aws_service_discovery_private_dns_namespace.aws-service-discovery",
            "aws_vpc.main"
          ]
        }
      ]
    },
    {
      "mode": "managed",
      "type": "aws_subnet",
      "name": "private",
      "provider": "provider[\"registry.terraform.io/hashicorp/aws\"]",
      "instances": [
        {
          "index_key": 0,
          "schema_version": 1,
          "attributes": {
            "arn": "arn:aws:ec2:eu-central-1:251865263936:subnet/subnet-0da3ffb34ad538050",
            "assign_ipv6_address_on_creation": false,
            "availability_zone": "eu-central-1a",
            "availability_zone_id": "euc1-az2",
            "cidr_block": "172.17.0.0/24",
            "customer_owned_ipv4_pool": "",
            "enable_dns64": false,
            "enable_resource_name_dns_a_record_on_launch": false,
            "enable_resource_name_dns_aaaa_record_on_launch": false,
            "id": "subnet-0da3ffb34ad538050",
            "ipv6_cidr_block": "",
            "ipv6_cidr_block_association_id": "",
            "ipv6_native": false,
            "map_customer_owned_ip_on_launch": false,
            "map_public_ip_on_launch": false,
            "outpost_arn": "",
            "owner_id": "251865263936",
            "private_dns_hostname_type_on_launch": "ip-name",
            "tags": {
              "Name": "private-0"
            },
            "tags_all": {
              "Name": "private-0"
            },
            "timeouts": null,
            "vpc_id": "vpc-057d4226d2717a05b"
          },
          "sensitive_attributes": [],
          "private": "eyJlMmJmYjczMC1lY2FhLTExZTYtOGY4OC0zNDM2M2JjN2M0YzAiOnsiY3JlYXRlIjo2MDAwMDAwMDAwMDAsImRlbGV0ZSI6MTIwMDAwMDAwMDAwMH0sInNjaGVtYV92ZXJzaW9uIjoiMSJ9",
          "dependencies": [
            "aws_vpc.main",
            "data.aws_availability_zones.available"
          ]
        },
        {
          "index_key": 1,
          "schema_version": 1,
          "attributes": {
            "arn": "arn:aws:ec2:eu-central-1:251865263936:subnet/subnet-0c3b22eeccdb86051",
            "assign_ipv6_address_on_creation": false,
            "availability_zone": "eu-central-1b",
            "availability_zone_id": "euc1-az3",
            "cidr_block": "172.17.1.0/24",
            "customer_owned_ipv4_pool": "",
            "enable_dns64": false,
            "enable_resource_name_dns_a_record_on_launch": false,
            "enable_resource_name_dns_aaaa_record_on_launch": false,
            "id": "subnet-0c3b22eeccdb86051",
            "ipv6_cidr_block": "",
            "ipv6_cidr_block_association_id": "",
            "ipv6_native": false,
            "map_customer_owned_ip_on_launch": false,
            "map_public_ip_on_launch": false,
            "outpost_arn": "",
            "owner_id": "251865263936",
            "private_dns_hostname_type_on_launch": "ip-name",
            "tags": {
              "Name": "private-1"
            },
            "tags_all": {
              "Name": "private-1"
            },
            "timeouts": null,
            "vpc_id": "vpc-057d4226d2717a05b"
          },
          "sensitive_attributes": [],
          "private": "eyJlMmJmYjczMC1lY2FhLTExZTYtOGY4OC0zNDM2M2JjN2M0YzAiOnsiY3JlYXRlIjo2MDAwMDAwMDAwMDAsImRlbGV0ZSI6MTIwMDAwMDAwMDAwMH0sInNjaGVtYV92ZXJzaW9uIjoiMSJ9",
          "dependencies": [
            "aws_vpc.main",
            "data.aws_availability_zones.available"
          ]
        },
        {
          "index_key": 2,
          "schema_version": 1,
          "attributes": {
            "arn": "arn:aws:ec2:eu-central-1:251865263936:subnet/subnet-08de0eeca586256a5",
            "assign_ipv6_address_on_creation": false,
            "availability_zone": "eu-central-1c",
            "availability_zone_id": "euc1-az1",
            "cidr_block": "172.17.2.0/24",
            "customer_owned_ipv4_pool": "",
            "enable_dns64": false,
            "enable_resource_name_dns_a_record_on_launch": false,
            "enable_resource_name_dns_aaaa_record_on_launch": false,
            "id": "subnet-08de0eeca586256a5",
            "ipv6_cidr_block": "",
            "ipv6_cidr_block_association_id": "",
            "ipv6_native": false,
            "map_customer_owned_ip_on_launch": false,
            "map_public_ip_on_launch": false,
            "outpost_arn": "",
            "owner_id": "251865263936",
            "private_dns_hostname_type_on_launch": "ip-name",
            "tags": {
              "Name": "private-2"
            },
            "tags_all": {
              "Name": "private-2"
            },
            "timeouts": null,
            "vpc_id": "vpc-057d4226d2717a05b"
          },
          "sensitive_attributes": [],
          "private": "eyJlMmJmYjczMC1lY2FhLTExZTYtOGY4OC0zNDM2M2JjN2M0YzAiOnsiY3JlYXRlIjo2MDAwMDAwMDAwMDAsImRlbGV0ZSI6MTIwMDAwMDAwMDAwMH0sInNjaGVtYV92ZXJzaW9uIjoiMSJ9",
          "dependencies": [
            "aws_vpc.main",
            "data.aws_availability_zones.available"
          ]
        }
      ]
    },
    {
      "mode": "managed",
      "type": "aws_subnet",
      "name": "public",
      "provider": "provider[\"registry.terraform.io/hashicorp/aws\"]",
      "instances": [
        {
          "index_key": 0,
          "schema_version": 1,
          "attributes": {
            "arn": "arn:aws:ec2:eu-central-1:251865263936:subnet/subnet-0bfef1beb3488d39a",
            "assign_ipv6_address_on_creation": false,
            "availability_zone": "eu-central-1a",
            "availability_zone_id": "euc1-az2",
            "cidr_block": "172.17.3.0/24",
            "customer_owned_ipv4_pool": "",
            "enable_dns64": false,
            "enable_resource_name_dns_a_record_on_launch": false,
            "enable_resource_name_dns_aaaa_record_on_launch": false,
            "id": "subnet-0bfef1beb3488d39a",
            "ipv6_cidr_block": "",
            "ipv6_cidr_block_association_id": "",
            "ipv6_native": false,
            "map_customer_owned_ip_on_launch": false,
            "map_public_ip_on_launch": true,
            "outpost_arn": "",
            "owner_id": "251865263936",
            "private_dns_hostname_type_on_launch": "ip-name",
            "tags": {
              "Name": "public-0"
            },
            "tags_all": {
              "Name": "public-0"
            },
            "timeouts": null,
            "vpc_id": "vpc-057d4226d2717a05b"
          },
          "sensitive_attributes": [],
          "private": "eyJlMmJmYjczMC1lY2FhLTExZTYtOGY4OC0zNDM2M2JjN2M0YzAiOnsiY3JlYXRlIjo2MDAwMDAwMDAwMDAsImRlbGV0ZSI6MTIwMDAwMDAwMDAwMH0sInNjaGVtYV92ZXJzaW9uIjoiMSJ9",
          "dependencies": [
            "aws_vpc.main",
            "data.aws_availability_zones.available"
          ]
        },
        {
          "index_key": 1,
          "schema_version": 1,
          "attributes": {
            "arn": "arn:aws:ec2:eu-central-1:251865263936:subnet/subnet-02b4ab94fa0cffd6f",
            "assign_ipv6_address_on_creation": false,
            "availability_zone": "eu-central-1b",
            "availability_zone_id": "euc1-az3",
            "cidr_block": "172.17.4.0/24",
            "customer_owned_ipv4_pool": "",
            "enable_dns64": false,
            "enable_resource_name_dns_a_record_on_launch": false,
            "enable_resource_name_dns_aaaa_record_on_launch": false,
            "id": "subnet-02b4ab94fa0cffd6f",
            "ipv6_cidr_block": "",
            "ipv6_cidr_block_association_id": "",
            "ipv6_native": false,
            "map_customer_owned_ip_on_launch": false,
            "map_public_ip_on_launch": true,
            "outpost_arn": "",
            "owner_id": "251865263936",
            "private_dns_hostname_type_on_launch": "ip-name",
            "tags": {
              "Name": "public-1"
            },
            "tags_all": {
              "Name": "public-1"
            },
            "timeouts": null,
            "vpc_id": "vpc-057d4226d2717a05b"
          },
          "sensitive_attributes": [],
          "private": "eyJlMmJmYjczMC1lY2FhLTExZTYtOGY4OC0zNDM2M2JjN2M0YzAiOnsiY3JlYXRlIjo2MDAwMDAwMDAwMDAsImRlbGV0ZSI6MTIwMDAwMDAwMDAwMH0sInNjaGVtYV92ZXJzaW9uIjoiMSJ9",
          "dependencies": [
            "aws_vpc.main",
            "data.aws_availability_zones.available"
          ]
        },
        {
          "index_key": 2,
          "schema_version": 1,
          "attributes": {
            "arn": "arn:aws:ec2:eu-central-1:251865263936:subnet/subnet-02cb7a439a0ae5c68",
            "assign_ipv6_address_on_creation": false,
            "availability_zone": "eu-central-1c",
            "availability_zone_id": "euc1-az1",
            "cidr_block": "172.17.5.0/24",
            "customer_owned_ipv4_pool": "",
            "enable_dns64": false,
            "enable_resource_name_dns_a_record_on_launch": false,
            "enable_resource_name_dns_aaaa_record_on_launch": false,
            "id": "subnet-02cb7a439a0ae5c68",
            "ipv6_cidr_block": "",
            "ipv6_cidr_block_association_id": "",
            "ipv6_native": false,
            "map_customer_owned_ip_on_launch": false,
            "map_public_ip_on_launch": true,
            "outpost_arn": "",
            "owner_id": "251865263936",
            "private_dns_hostname_type_on_launch": "ip-name",
            "tags": {
              "Name": "public-2"
            },
            "tags_all": {
              "Name": "public-2"
            },
            "timeouts": null,
            "vpc_id": "vpc-057d4226d2717a05b"
          },
          "sensitive_attributes": [],
          "private": "eyJlMmJmYjczMC1lY2FhLTExZTYtOGY4OC0zNDM2M2JjN2M0YzAiOnsiY3JlYXRlIjo2MDAwMDAwMDAwMDAsImRlbGV0ZSI6MTIwMDAwMDAwMDAwMH0sInNjaGVtYV92ZXJzaW9uIjoiMSJ9",
          "dependencies": [
            "aws_vpc.main",
            "data.aws_availability_zones.available"
          ]
        }
      ]
    },
    {
      "mode": "managed",
      "type": "aws_vpc",
      "name": "main",
      "provider": "provider[\"registry.terraform.io/hashicorp/aws\"]",
      "instances": [
        {
          "schema_version": 1,
          "attributes": {
            "arn": "arn:aws:ec2:eu-central-1:251865263936:vpc/vpc-057d4226d2717a05b",
            "assign_generated_ipv6_cidr_block": false,
            "cidr_block": "172.17.0.0/16",
            "default_network_acl_id": "acl-0802f2becfd39d792",
            "default_route_table_id": "rtb-0ba0c42909b50f773",
            "default_security_group_id": "sg-086978487690eb076",
            "dhcp_options_id": "dopt-0e23978194d27ee3d",
            "enable_classiclink": false,
            "enable_classiclink_dns_support": false,
            "enable_dns_hostnames": true,
            "enable_dns_support": true,
            "id": "vpc-057d4226d2717a05b",
            "instance_tenancy": "default",
            "ipv4_ipam_pool_id": null,
            "ipv4_netmask_length": null,
            "ipv6_association_id": "",
            "ipv6_cidr_block": "",
            "ipv6_cidr_block_network_border_group": "",
            "ipv6_ipam_pool_id": "",
            "ipv6_netmask_length": 0,
            "main_route_table_id": "rtb-0ba0c42909b50f773",
            "owner_id": "251865263936",
            "tags": {
              "Name": "vpc"
            },
            "tags_all": {
              "Name": "vpc"
            }
          },
          "sensitive_attributes": [],
          "private": "eyJzY2hlbWFfdmVyc2lvbiI6IjEifQ=="
        }
      ]
    }
  ]
}
